// !$*UTF8*$!
{
	archiveVersion = 1;
	classes = {
	};
	objectVersion = 50;
	objects = {

/* Begin PBXBuildFile section */
		2F6F81352432661F00CC6E4B /* CaptureDeviceFactory.swift in Sources */ = {isa = PBXBuildFile; fileRef = 2F6F81342432661F00CC6E4B /* CaptureDeviceFactory.swift */; };
		2F6F81372432688E00CC6E4B /* CaptureDeviceFactoryMock.swift in Sources */ = {isa = PBXBuildFile; fileRef = 2F6F81362432688E00CC6E4B /* CaptureDeviceFactoryMock.swift */; };
		2F6F813A243274DD00CC6E4B /* Swizzler.swift in Sources */ = {isa = PBXBuildFile; fileRef = 2F6F8139243274DD00CC6E4B /* Swizzler.swift */; };
		2F79F4A623FF13BB00299D35 /* CameraService.framework in Frameworks */ = {isa = PBXBuildFile; fileRef = 2F79F49C23FF13BB00299D35 /* CameraService.framework */; };
		2F79F4C423FF160700299D35 /* CameraServiceImpl.swift in Sources */ = {isa = PBXBuildFile; fileRef = 2F79F4C123FF160700299D35 /* CameraServiceImpl.swift */; };
		2F79F4C523FF160700299D35 /* CameraServiceError.swift in Sources */ = {isa = PBXBuildFile; fileRef = 2F79F4C223FF160700299D35 /* CameraServiceError.swift */; };
		2F79F4CA23FF164700299D35 /* KWFoundation.framework in Frameworks */ = {isa = PBXBuildFile; fileRef = 2F79F4C823FF164700299D35 /* KWFoundation.framework */; };
		2F81D19E2404673F003E5EB3 /* Repository.framework in Frameworks */ = {isa = PBXBuildFile; fileRef = 2F81D19D2404673F003E5EB3 /* Repository.framework */; };
		2F8ACB6F2435226200EB76DA /* AVCaptureDeviceMock.swift in Sources */ = {isa = PBXBuildFile; fileRef = 2F8ACB6E2435226200EB76DA /* AVCaptureDeviceMock.swift */; };
		2F8ACB71243523DD00EB76DA /* AVCaptureDeviceInputMock.swift in Sources */ = {isa = PBXBuildFile; fileRef = 2F8ACB70243523DD00EB76DA /* AVCaptureDeviceInputMock.swift */; };
		2F9DDDC424157453002D4BC6 /* CaptureSession.swift in Sources */ = {isa = PBXBuildFile; fileRef = 2F9DDDC324157453002D4BC6 /* CaptureSession.swift */; };
		2F9DDDCC24157788002D4BC6 /* CameraServiceImplTests.swift in Sources */ = {isa = PBXBuildFile; fileRef = 2F9DDDCB24157788002D4BC6 /* CameraServiceImplTests.swift */; };
		2F9DDDCF241577C9002D4BC6 /* CaptureSessionMock.swift in Sources */ = {isa = PBXBuildFile; fileRef = 2F9DDDCE241577C9002D4BC6 /* CaptureSessionMock.swift */; };
/* End PBXBuildFile section */

/* Begin PBXContainerItemProxy section */
		2F79F4A723FF13BB00299D35 /* PBXContainerItemProxy */ = {
			isa = PBXContainerItemProxy;
			containerPortal = 2F79F49323FF13BB00299D35 /* Project object */;
			proxyType = 1;
			remoteGlobalIDString = 2F79F49B23FF13BB00299D35;
			remoteInfo = CameraService;
		};
/* End PBXContainerItemProxy section */

/* Begin PBXFileReference section */
		2F6F81342432661F00CC6E4B /* CaptureDeviceFactory.swift */ = {isa = PBXFileReference; lastKnownFileType = sourcecode.swift; path = CaptureDeviceFactory.swift; sourceTree = "<group>"; };
		2F6F81362432688E00CC6E4B /* CaptureDeviceFactoryMock.swift */ = {isa = PBXFileReference; lastKnownFileType = sourcecode.swift; path = CaptureDeviceFactoryMock.swift; sourceTree = "<group>"; };
		2F6F8139243274DD00CC6E4B /* Swizzler.swift */ = {isa = PBXFileReference; lastKnownFileType = sourcecode.swift; path = Swizzler.swift; sourceTree = "<group>"; };
		2F79F49C23FF13BB00299D35 /* CameraService.framework */ = {isa = PBXFileReference; explicitFileType = wrapper.framework; includeInIndex = 0; path = CameraService.framework; sourceTree = BUILT_PRODUCTS_DIR; };
		2F79F4A023FF13BB00299D35 /* Info.plist */ = {isa = PBXFileReference; lastKnownFileType = text.plist.xml; path = Info.plist; sourceTree = "<group>"; };
		2F79F4A523FF13BB00299D35 /* CameraServiceTests.xctest */ = {isa = PBXFileReference; explicitFileType = wrapper.cfbundle; includeInIndex = 0; path = CameraServiceTests.xctest; sourceTree = BUILT_PRODUCTS_DIR; };
		2F79F4AC23FF13BB00299D35 /* Info.plist */ = {isa = PBXFileReference; lastKnownFileType = text.plist.xml; path = Info.plist; sourceTree = "<group>"; };
		2F79F4C123FF160700299D35 /* CameraServiceImpl.swift */ = {isa = PBXFileReference; fileEncoding = 4; lastKnownFileType = sourcecode.swift; path = CameraServiceImpl.swift; sourceTree = "<group>"; };
		2F79F4C223FF160700299D35 /* CameraServiceError.swift */ = {isa = PBXFileReference; fileEncoding = 4; lastKnownFileType = sourcecode.swift; path = CameraServiceError.swift; sourceTree = "<group>"; };
		2F79F4C823FF164700299D35 /* KWFoundation.framework */ = {isa = PBXFileReference; explicitFileType = wrapper.framework; path = KWFoundation.framework; sourceTree = BUILT_PRODUCTS_DIR; };
		2F79F4C923FF164700299D35 /* NeuralService.framework */ = {isa = PBXFileReference; explicitFileType = wrapper.framework; path = NeuralService.framework; sourceTree = BUILT_PRODUCTS_DIR; };
		2F81D19D2404673F003E5EB3 /* Repository.framework */ = {isa = PBXFileReference; explicitFileType = wrapper.framework; path = Repository.framework; sourceTree = BUILT_PRODUCTS_DIR; };
		2F8ACB6E2435226200EB76DA /* AVCaptureDeviceMock.swift */ = {isa = PBXFileReference; lastKnownFileType = sourcecode.swift; path = AVCaptureDeviceMock.swift; sourceTree = "<group>"; };
		2F8ACB70243523DD00EB76DA /* AVCaptureDeviceInputMock.swift */ = {isa = PBXFileReference; lastKnownFileType = sourcecode.swift; path = AVCaptureDeviceInputMock.swift; sourceTree = "<group>"; };
		2F9DDDC324157453002D4BC6 /* CaptureSession.swift */ = {isa = PBXFileReference; lastKnownFileType = sourcecode.swift; path = CaptureSession.swift; sourceTree = "<group>"; };
		2F9DDDCB24157788002D4BC6 /* CameraServiceImplTests.swift */ = {isa = PBXFileReference; lastKnownFileType = sourcecode.swift; path = CameraServiceImplTests.swift; sourceTree = "<group>"; };
		2F9DDDCE241577C9002D4BC6 /* CaptureSessionMock.swift */ = {isa = PBXFileReference; lastKnownFileType = sourcecode.swift; path = CaptureSessionMock.swift; sourceTree = "<group>"; };
/* End PBXFileReference section */

/* Begin PBXFrameworksBuildPhase section */
		2F79F49923FF13BB00299D35 /* Frameworks */ = {
			isa = PBXFrameworksBuildPhase;
			buildActionMask = 2147483647;
			files = (
				2F81D19E2404673F003E5EB3 /* Repository.framework in Frameworks */,
				2F79F4CA23FF164700299D35 /* KWFoundation.framework in Frameworks */,
			);
			runOnlyForDeploymentPostprocessing = 0;
		};
		2F79F4A223FF13BB00299D35 /* Frameworks */ = {
			isa = PBXFrameworksBuildPhase;
			buildActionMask = 2147483647;
			files = (
				2F79F4A623FF13BB00299D35 /* CameraService.framework in Frameworks */,
			);
			runOnlyForDeploymentPostprocessing = 0;
		};
/* End PBXFrameworksBuildPhase section */

/* Begin PBXGroup section */
		2F6F8138243274CE00CC6E4B /* Helpers */ = {
			isa = PBXGroup;
			children = (
				2F6F8139243274DD00CC6E4B /* Swizzler.swift */,
			);
			path = Helpers;
			sourceTree = "<group>";
		};
		2F79F49223FF13BB00299D35 = {
			isa = PBXGroup;
			children = (
				2F79F49E23FF13BB00299D35 /* CameraService */,
				2F79F4A923FF13BB00299D35 /* CameraServiceTests */,
				2F79F49D23FF13BB00299D35 /* Products */,
				2F79F4C723FF164700299D35 /* Frameworks */,
			);
			sourceTree = "<group>";
		};
		2F79F49D23FF13BB00299D35 /* Products */ = {
			isa = PBXGroup;
			children = (
				2F79F49C23FF13BB00299D35 /* CameraService.framework */,
				2F79F4A523FF13BB00299D35 /* CameraServiceTests.xctest */,
			);
			name = Products;
			sourceTree = "<group>";
		};
		2F79F49E23FF13BB00299D35 /* CameraService */ = {
			isa = PBXGroup;
			children = (
				2F79F4B623FF13DA00299D35 /* Source */,
				2F79F4B723FF13E700299D35 /* Supporting Files */,
			);
			path = CameraService;
			sourceTree = "<group>";
		};
		2F79F4A923FF13BB00299D35 /* CameraServiceTests */ = {
			isa = PBXGroup;
			children = (
				2F9DDDC72415770F002D4BC6 /* Source */,
				2F79F4B823FF144900299D35 /* Supporting Files */,
			);
			path = CameraServiceTests;
			sourceTree = "<group>";
		};
		2F79F4B623FF13DA00299D35 /* Source */ = {
			isa = PBXGroup;
			children = (
				2F79F4BA23FF14DE00299D35 /* Camera */,
			);
			path = Source;
			sourceTree = "<group>";
		};
		2F79F4B723FF13E700299D35 /* Supporting Files */ = {
			isa = PBXGroup;
			children = (
				2F79F4A023FF13BB00299D35 /* Info.plist */,
			);
			path = "Supporting Files";
			sourceTree = "<group>";
		};
		2F79F4B823FF144900299D35 /* Supporting Files */ = {
			isa = PBXGroup;
			children = (
				2F79F4AC23FF13BB00299D35 /* Info.plist */,
			);
			path = "Supporting Files";
			sourceTree = "<group>";
		};
		2F79F4BA23FF14DE00299D35 /* Camera */ = {
			isa = PBXGroup;
			children = (
				2F79F4C223FF160700299D35 /* CameraServiceError.swift */,
				2F79F4C123FF160700299D35 /* CameraServiceImpl.swift */,
				2F6F81342432661F00CC6E4B /* CaptureDeviceFactory.swift */,
				2F9DDDC324157453002D4BC6 /* CaptureSession.swift */,
			);
			path = Camera;
			sourceTree = "<group>";
		};
		2F79F4C723FF164700299D35 /* Frameworks */ = {
			isa = PBXGroup;
			children = (
				2F81D19D2404673F003E5EB3 /* Repository.framework */,
				2F79F4C823FF164700299D35 /* KWFoundation.framework */,
				2F79F4C923FF164700299D35 /* NeuralService.framework */,
			);
			name = Frameworks;
			sourceTree = "<group>";
		};
		2F9DDDC72415770F002D4BC6 /* Source */ = {
			isa = PBXGroup;
			children = (
				2F6F8138243274CE00CC6E4B /* Helpers */,
				2F9DDDCD241577B5002D4BC6 /* Mocks */,
				2F9DDDC824157726002D4BC6 /* Tests */,
			);
			path = Source;
			sourceTree = "<group>";
		};
		2F9DDDC824157726002D4BC6 /* Tests */ = {
			isa = PBXGroup;
			children = (
				2F9DDDCA24157762002D4BC6 /* Camera */,
			);
			path = Tests;
			sourceTree = "<group>";
		};
		2F9DDDCA24157762002D4BC6 /* Camera */ = {
			isa = PBXGroup;
			children = (
				2F9DDDCB24157788002D4BC6 /* CameraServiceImplTests.swift */,
			);
			path = Camera;
			sourceTree = "<group>";
		};
		2F9DDDCD241577B5002D4BC6 /* Mocks */ = {
			isa = PBXGroup;
			children = (
				2F8ACB70243523DD00EB76DA /* AVCaptureDeviceInputMock.swift */,
				2F8ACB6E2435226200EB76DA /* AVCaptureDeviceMock.swift */,
				2F6F81362432688E00CC6E4B /* CaptureDeviceFactoryMock.swift */,
				2F9DDDCE241577C9002D4BC6 /* CaptureSessionMock.swift */,
			);
			path = Mocks;
			sourceTree = "<group>";
		};
/* End PBXGroup section */

/* Begin PBXHeadersBuildPhase section */
		2F79F49723FF13BB00299D35 /* Headers */ = {
			isa = PBXHeadersBuildPhase;
			buildActionMask = 2147483647;
			files = (
			);
			runOnlyForDeploymentPostprocessing = 0;
		};
/* End PBXHeadersBuildPhase section */

/* Begin PBXNativeTarget section */
		2F79F49B23FF13BB00299D35 /* CameraService */ = {
			isa = PBXNativeTarget;
			buildConfigurationList = 2F79F4B023FF13BB00299D35 /* Build configuration list for PBXNativeTarget "CameraService" */;
			buildPhases = (
				2F79F49723FF13BB00299D35 /* Headers */,
				2F81D16F24045166003E5EB3 /* Lint files */,
				2F79F49823FF13BB00299D35 /* Sources */,
				2F79F49923FF13BB00299D35 /* Frameworks */,
				2F79F49A23FF13BB00299D35 /* Resources */,
			);
			buildRules = (
			);
			dependencies = (
			);
			name = CameraService;
			productName = CameraService;
			productReference = 2F79F49C23FF13BB00299D35 /* CameraService.framework */;
			productType = "com.apple.product-type.framework";
		};
		2F79F4A423FF13BB00299D35 /* CameraServiceTests */ = {
			isa = PBXNativeTarget;
			buildConfigurationList = 2F79F4B323FF13BB00299D35 /* Build configuration list for PBXNativeTarget "CameraServiceTests" */;
			buildPhases = (
				2F79F4A123FF13BB00299D35 /* Sources */,
				2F79F4A223FF13BB00299D35 /* Frameworks */,
				2F79F4A323FF13BB00299D35 /* Resources */,
			);
			buildRules = (
			);
			dependencies = (
				2F79F4A823FF13BB00299D35 /* PBXTargetDependency */,
			);
			name = CameraServiceTests;
			productName = CameraServiceTests;
			productReference = 2F79F4A523FF13BB00299D35 /* CameraServiceTests.xctest */;
			productType = "com.apple.product-type.bundle.unit-test";
		};
/* End PBXNativeTarget section */

/* Begin PBXProject section */
		2F79F49323FF13BB00299D35 /* Project object */ = {
			isa = PBXProject;
			attributes = {
				LastSwiftUpdateCheck = 1130;
				LastUpgradeCheck = 1240;
				ORGANIZATIONNAME = "Kamil Wyszomierski";
				TargetAttributes = {
					2F79F49B23FF13BB00299D35 = {
						CreatedOnToolsVersion = 11.3.1;
						LastSwiftMigration = 1130;
					};
					2F79F4A423FF13BB00299D35 = {
						CreatedOnToolsVersion = 11.3.1;
						LastSwiftMigration = 1130;
					};
				};
			};
			buildConfigurationList = 2F79F49623FF13BB00299D35 /* Build configuration list for PBXProject "CameraService" */;
			compatibilityVersion = "Xcode 9.3";
			developmentRegion = en;
			hasScannedForEncodings = 0;
			knownRegions = (
				en,
				Base,
			);
			mainGroup = 2F79F49223FF13BB00299D35;
			productRefGroup = 2F79F49D23FF13BB00299D35 /* Products */;
			projectDirPath = "";
			projectRoot = "";
			targets = (
				2F79F49B23FF13BB00299D35 /* CameraService */,
				2F79F4A423FF13BB00299D35 /* CameraServiceTests */,
			);
		};
/* End PBXProject section */

/* Begin PBXResourcesBuildPhase section */
		2F79F49A23FF13BB00299D35 /* Resources */ = {
			isa = PBXResourcesBuildPhase;
			buildActionMask = 2147483647;
			files = (
			);
			runOnlyForDeploymentPostprocessing = 0;
		};
		2F79F4A323FF13BB00299D35 /* Resources */ = {
			isa = PBXResourcesBuildPhase;
			buildActionMask = 2147483647;
			files = (
			);
			runOnlyForDeploymentPostprocessing = 0;
		};
/* End PBXResourcesBuildPhase section */

/* Begin PBXShellScriptBuildPhase section */
		2F81D16F24045166003E5EB3 /* Lint files */ = {
			isa = PBXShellScriptBuildPhase;
			buildActionMask = 2147483647;
			files = (
			);
			inputFileListPaths = (
			);
			inputPaths = (
			);
			name = "Lint files";
			outputFileListPaths = (
			);
			outputPaths = (
			);
			runOnlyForDeploymentPostprocessing = 0;
			shellPath = /bin/sh;
			shellScript = "swiftlint --config \"../.swiftlint.yml\" \n";
		};
/* End PBXShellScriptBuildPhase section */

/* Begin PBXSourcesBuildPhase section */
		2F79F49823FF13BB00299D35 /* Sources */ = {
			isa = PBXSourcesBuildPhase;
			buildActionMask = 2147483647;
			files = (
				2F79F4C423FF160700299D35 /* CameraServiceImpl.swift in Sources */,
				2F6F81352432661F00CC6E4B /* CaptureDeviceFactory.swift in Sources */,
				2F79F4C523FF160700299D35 /* CameraServiceError.swift in Sources */,
				2F9DDDC424157453002D4BC6 /* CaptureSession.swift in Sources */,
			);
			runOnlyForDeploymentPostprocessing = 0;
		};
		2F79F4A123FF13BB00299D35 /* Sources */ = {
			isa = PBXSourcesBuildPhase;
			buildActionMask = 2147483647;
			files = (
				2F8ACB71243523DD00EB76DA /* AVCaptureDeviceInputMock.swift in Sources */,
				2F9DDDCC24157788002D4BC6 /* CameraServiceImplTests.swift in Sources */,
				2F9DDDCF241577C9002D4BC6 /* CaptureSessionMock.swift in Sources */,
				2F8ACB6F2435226200EB76DA /* AVCaptureDeviceMock.swift in Sources */,
				2F6F81372432688E00CC6E4B /* CaptureDeviceFactoryMock.swift in Sources */,
				2F6F813A243274DD00CC6E4B /* Swizzler.swift in Sources */,
			);
			runOnlyForDeploymentPostprocessing = 0;
		};
/* End PBXSourcesBuildPhase section */

/* Begin PBXTargetDependency section */
		2F79F4A823FF13BB00299D35 /* PBXTargetDependency */ = {
			isa = PBXTargetDependency;
			target = 2F79F49B23FF13BB00299D35 /* CameraService */;
			targetProxy = 2F79F4A723FF13BB00299D35 /* PBXContainerItemProxy */;
		};
/* End PBXTargetDependency section */

/* Begin XCBuildConfiguration section */
		2F79F4AE23FF13BB00299D35 /* Debug */ = {
			isa = XCBuildConfiguration;
			buildSettings = {
				ALWAYS_SEARCH_USER_PATHS = NO;
				CLANG_ANALYZER_NONNULL = YES;
				CLANG_ANALYZER_NUMBER_OBJECT_CONVERSION = YES_AGGRESSIVE;
				CLANG_CXX_LANGUAGE_STANDARD = "gnu++14";
				CLANG_CXX_LIBRARY = "libc++";
				CLANG_ENABLE_MODULES = YES;
				CLANG_ENABLE_OBJC_ARC = YES;
				CLANG_ENABLE_OBJC_WEAK = YES;
				CLANG_WARN_BLOCK_CAPTURE_AUTORELEASING = YES;
				CLANG_WARN_BOOL_CONVERSION = YES;
				CLANG_WARN_COMMA = YES;
				CLANG_WARN_CONSTANT_CONVERSION = YES;
				CLANG_WARN_DEPRECATED_OBJC_IMPLEMENTATIONS = YES;
				CLANG_WARN_DIRECT_OBJC_ISA_USAGE = YES_ERROR;
				CLANG_WARN_DOCUMENTATION_COMMENTS = YES;
				CLANG_WARN_EMPTY_BODY = YES;
				CLANG_WARN_ENUM_CONVERSION = YES;
				CLANG_WARN_INFINITE_RECURSION = YES;
				CLANG_WARN_INT_CONVERSION = YES;
				CLANG_WARN_NON_LITERAL_NULL_CONVERSION = YES;
				CLANG_WARN_OBJC_IMPLICIT_RETAIN_SELF = YES;
				CLANG_WARN_OBJC_LITERAL_CONVERSION = YES;
				CLANG_WARN_OBJC_ROOT_CLASS = YES_ERROR;
				CLANG_WARN_QUOTED_INCLUDE_IN_FRAMEWORK_HEADER = YES;
				CLANG_WARN_RANGE_LOOP_ANALYSIS = YES;
				CLANG_WARN_STRICT_PROTOTYPES = YES;
				CLANG_WARN_SUSPICIOUS_MOVE = YES;
				CLANG_WARN_UNGUARDED_AVAILABILITY = YES_AGGRESSIVE;
				CLANG_WARN_UNREACHABLE_CODE = YES;
				CLANG_WARN__DUPLICATE_METHOD_MATCH = YES;
				COPY_PHASE_STRIP = NO;
				CURRENT_PROJECT_VERSION = 1;
				DEBUG_INFORMATION_FORMAT = dwarf;
				ENABLE_STRICT_OBJC_MSGSEND = YES;
				ENABLE_TESTABILITY = YES;
				GCC_C_LANGUAGE_STANDARD = gnu11;
				GCC_DYNAMIC_NO_PIC = NO;
				GCC_NO_COMMON_BLOCKS = YES;
				GCC_OPTIMIZATION_LEVEL = 0;
				GCC_PREPROCESSOR_DEFINITIONS = (
					"DEBUG=1",
					"$(inherited)",
				);
				GCC_WARN_64_TO_32_BIT_CONVERSION = YES;
				GCC_WARN_ABOUT_RETURN_TYPE = YES_ERROR;
				GCC_WARN_UNDECLARED_SELECTOR = YES;
				GCC_WARN_UNINITIALIZED_AUTOS = YES_AGGRESSIVE;
				GCC_WARN_UNUSED_FUNCTION = YES;
				GCC_WARN_UNUSED_VARIABLE = YES;
				IPHONEOS_DEPLOYMENT_TARGET = 14.4;
				MTL_ENABLE_DEBUG_INFO = INCLUDE_SOURCE;
				MTL_FAST_MATH = YES;
				ONLY_ACTIVE_ARCH = YES;
				SDKROOT = iphoneos;
				SWIFT_ACTIVE_COMPILATION_CONDITIONS = DEBUG;
				SWIFT_OPTIMIZATION_LEVEL = "-Onone";
				VERSIONING_SYSTEM = "apple-generic";
				VERSION_INFO_PREFIX = "";
			};
			name = Debug;
		};
		2F79F4AF23FF13BB00299D35 /* Release */ = {
			isa = XCBuildConfiguration;
			buildSettings = {
				ALWAYS_SEARCH_USER_PATHS = NO;
				CLANG_ANALYZER_NONNULL = YES;
				CLANG_ANALYZER_NUMBER_OBJECT_CONVERSION = YES_AGGRESSIVE;
				CLANG_CXX_LANGUAGE_STANDARD = "gnu++14";
				CLANG_CXX_LIBRARY = "libc++";
				CLANG_ENABLE_MODULES = YES;
				CLANG_ENABLE_OBJC_ARC = YES;
				CLANG_ENABLE_OBJC_WEAK = YES;
				CLANG_WARN_BLOCK_CAPTURE_AUTORELEASING = YES;
				CLANG_WARN_BOOL_CONVERSION = YES;
				CLANG_WARN_COMMA = YES;
				CLANG_WARN_CONSTANT_CONVERSION = YES;
				CLANG_WARN_DEPRECATED_OBJC_IMPLEMENTATIONS = YES;
				CLANG_WARN_DIRECT_OBJC_ISA_USAGE = YES_ERROR;
				CLANG_WARN_DOCUMENTATION_COMMENTS = YES;
				CLANG_WARN_EMPTY_BODY = YES;
				CLANG_WARN_ENUM_CONVERSION = YES;
				CLANG_WARN_INFINITE_RECURSION = YES;
				CLANG_WARN_INT_CONVERSION = YES;
				CLANG_WARN_NON_LITERAL_NULL_CONVERSION = YES;
				CLANG_WARN_OBJC_IMPLICIT_RETAIN_SELF = YES;
				CLANG_WARN_OBJC_LITERAL_CONVERSION = YES;
				CLANG_WARN_OBJC_ROOT_CLASS = YES_ERROR;
				CLANG_WARN_QUOTED_INCLUDE_IN_FRAMEWORK_HEADER = YES;
				CLANG_WARN_RANGE_LOOP_ANALYSIS = YES;
				CLANG_WARN_STRICT_PROTOTYPES = YES;
				CLANG_WARN_SUSPICIOUS_MOVE = YES;
				CLANG_WARN_UNGUARDED_AVAILABILITY = YES_AGGRESSIVE;
				CLANG_WARN_UNREACHABLE_CODE = YES;
				CLANG_WARN__DUPLICATE_METHOD_MATCH = YES;
				COPY_PHASE_STRIP = NO;
				CURRENT_PROJECT_VERSION = 1;
				DEBUG_INFORMATION_FORMAT = "dwarf-with-dsym";
				ENABLE_NS_ASSERTIONS = NO;
				ENABLE_STRICT_OBJC_MSGSEND = YES;
				GCC_C_LANGUAGE_STANDARD = gnu11;
				GCC_NO_COMMON_BLOCKS = YES;
				GCC_WARN_64_TO_32_BIT_CONVERSION = YES;
				GCC_WARN_ABOUT_RETURN_TYPE = YES_ERROR;
				GCC_WARN_UNDECLARED_SELECTOR = YES;
				GCC_WARN_UNINITIALIZED_AUTOS = YES_AGGRESSIVE;
				GCC_WARN_UNUSED_FUNCTION = YES;
				GCC_WARN_UNUSED_VARIABLE = YES;
				IPHONEOS_DEPLOYMENT_TARGET = 14.4;
				MTL_ENABLE_DEBUG_INFO = NO;
				MTL_FAST_MATH = YES;
				SDKROOT = iphoneos;
				SWIFT_COMPILATION_MODE = wholemodule;
				SWIFT_OPTIMIZATION_LEVEL = "-O";
				VALIDATE_PRODUCT = YES;
				VERSIONING_SYSTEM = "apple-generic";
				VERSION_INFO_PREFIX = "";
			};
			name = Release;
		};
		2F79F4B123FF13BB00299D35 /* Debug */ = {
			isa = XCBuildConfiguration;
			buildSettings = {
				CLANG_ENABLE_MODULES = YES;
				CODE_SIGN_STYLE = Automatic;
				DEFINES_MODULE = YES;
				DEVELOPMENT_TEAM = W3A96C9WSG;
				DYLIB_COMPATIBILITY_VERSION = 1;
				DYLIB_CURRENT_VERSION = 1;
				DYLIB_INSTALL_NAME_BASE = "@rpath";
				INFOPLIST_FILE = "CameraService/Supporting Files/Info.plist";
				INSTALL_PATH = "$(LOCAL_LIBRARY_DIR)/Frameworks";
				LD_RUNPATH_SEARCH_PATHS = (
					"$(inherited)",
					"@executable_path/Frameworks",
					"@loader_path/Frameworks",
				);
				PRODUCT_BUNDLE_IDENTIFIER = pl.kamil.wyszomierski.CameraService;
				PRODUCT_NAME = "$(TARGET_NAME:c99extidentifier)";
				SKIP_INSTALL = YES;
				SWIFT_OPTIMIZATION_LEVEL = "-Onone";
				SWIFT_VERSION = 5.0;
				TARGETED_DEVICE_FAMILY = "1,2";
			};
			name = Debug;
		};
		2F79F4B223FF13BB00299D35 /* Release */ = {
			isa = XCBuildConfiguration;
			buildSettings = {
				CLANG_ENABLE_MODULES = YES;
				CODE_SIGN_STYLE = Automatic;
				DEFINES_MODULE = YES;
				DEVELOPMENT_TEAM = W3A96C9WSG;
				DYLIB_COMPATIBILITY_VERSION = 1;
				DYLIB_CURRENT_VERSION = 1;
				DYLIB_INSTALL_NAME_BASE = "@rpath";
				INFOPLIST_FILE = "CameraService/Supporting Files/Info.plist";
				INSTALL_PATH = "$(LOCAL_LIBRARY_DIR)/Frameworks";
				LD_RUNPATH_SEARCH_PATHS = (
					"$(inherited)",
					"@executable_path/Frameworks",
					"@loader_path/Frameworks",
				);
				PRODUCT_BUNDLE_IDENTIFIER = pl.kamil.wyszomierski.CameraService;
				PRODUCT_NAME = "$(TARGET_NAME:c99extidentifier)";
				SKIP_INSTALL = YES;
				SWIFT_VERSION = 5.0;
				TARGETED_DEVICE_FAMILY = "1,2";
			};
			name = Release;
		};
		2F79F4B423FF13BB00299D35 /* Debug */ = {
			isa = XCBuildConfiguration;
			buildSettings = {
				ALWAYS_EMBED_SWIFT_STANDARD_LIBRARIES = YES;
				CLANG_ENABLE_MODULES = YES;
				CODE_SIGN_STYLE = Automatic;
				DEVELOPMENT_TEAM = W3A96C9WSG;
				INFOPLIST_FILE = "CameraServiceTests/Supporting Files/Info.plist";
				LD_RUNPATH_SEARCH_PATHS = (
					"$(inherited)",
					"@executable_path/Frameworks",
					"@loader_path/Frameworks",
				);
				PRODUCT_BUNDLE_IDENTIFIER = pl.kamil.wyszomierski.CameraServiceTests;
				PRODUCT_NAME = "$(TARGET_NAME)";
				SWIFT_OPTIMIZATION_LEVEL = "-Onone";
				SWIFT_VERSION = 5.0;
				TARGETED_DEVICE_FAMILY = "1,2";
			};
			name = Debug;
		};
		2F79F4B523FF13BB00299D35 /* Release */ = {
			isa = XCBuildConfiguration;
			buildSettings = {
				ALWAYS_EMBED_SWIFT_STANDARD_LIBRARIES = YES;
				CLANG_ENABLE_MODULES = YES;
				CODE_SIGN_STYLE = Automatic;
				DEVELOPMENT_TEAM = W3A96C9WSG;
				INFOPLIST_FILE = "CameraServiceTests/Supporting Files/Info.plist";
				LD_RUNPATH_SEARCH_PATHS = (
					"$(inherited)",
					"@executable_path/Frameworks",
					"@loader_path/Frameworks",
				);
				PRODUCT_BUNDLE_IDENTIFIER = pl.kamil.wyszomierski.CameraServiceTests;
				PRODUCT_NAME = "$(TARGET_NAME)";
				SWIFT_VERSION = 5.0;
				TARGETED_DEVICE_FAMILY = "1,2";
			};
			name = Release;
		};
/* End XCBuildConfiguration section */

/* Begin XCConfigurationList section */
		2F79F49623FF13BB00299D35 /* Build configuration list for PBXProject "CameraService" */ = {
			isa = XCConfigurationList;
			buildConfigurations = (
				2F79F4AE23FF13BB00299D35 /* Debug */,
				2F79F4AF23FF13BB00299D35 /* Release */,
			);
			defaultConfigurationIsVisible = 0;
			defaultConfigurationName = Release;
		};
		2F79F4B023FF13BB00299D35 /* Build configuration list for PBXNativeTarget "CameraService" */ = {
			isa = XCConfigurationList;
			buildConfigurations = (
				2F79F4B123FF13BB00299D35 /* Debug */,
				2F79F4B223FF13BB00299D35 /* Release */,
			);
			defaultConfigurationIsVisible = 0;
			defaultConfigurationName = Release;
		};
		2F79F4B323FF13BB00299D35 /* Build configuration list for PBXNativeTarget "CameraServiceTests" */ = {
			isa = XCConfigurationList;
			buildConfigurations = (
				2F79F4B423FF13BB00299D35 /* Debug */,
				2F79F4B523FF13BB00299D35 /* Release */,
			);
			defaultConfigurationIsVisible = 0;
			defaultConfigurationName = Release;
		};
/* End XCConfigurationList section */
	};
	rootObject = 2F79F49323FF13BB00299D35 /* Project object */;
}
