// !$*UTF8*$!
{
	archiveVersion = 1;
	classes = {
	};
	objectVersion = 50;
	objects = {

/* Begin PBXBuildFile section */
		2F4B6CA1237DE2820005F838 /* Observed.swift in Sources */ = {isa = PBXBuildFile; fileRef = 2F4B6CA0237DE2820005F838 /* Observed.swift */; };
		2F81BCEC2381D67300CCC605 /* ObservedTests.swift in Sources */ = {isa = PBXBuildFile; fileRef = 2F81BCEB2381D67300CCC605 /* ObservedTests.swift */; };
		2F95F75923959A9400193518 /* Subscriber.swift in Sources */ = {isa = PBXBuildFile; fileRef = 2F95F75823959A9400193518 /* Subscriber.swift */; };
		2F95F75E2395B66800193518 /* CancellationTokenTests.swift in Sources */ = {isa = PBXBuildFile; fileRef = 2F95F75D2395B66800193518 /* CancellationTokenTests.swift */; };
		2F95F760239ADF1000193518 /* ObserverTests.swift in Sources */ = {isa = PBXBuildFile; fileRef = 2F95F75F239ADF1000193518 /* ObserverTests.swift */; };
		2FCACAE92360BAB000980027 /* KWFoundation.framework in Frameworks */ = {isa = PBXBuildFile; fileRef = 2FCACADF2360BAB000980027 /* KWFoundation.framework */; };
		2FCACAF02360BAB100980027 /* KWFoundation.h in Headers */ = {isa = PBXBuildFile; fileRef = 2FCACAE22360BAB000980027 /* KWFoundation.h */; settings = {ATTRIBUTES = (Public, ); }; };
		2FCACB032360BD8D00980027 /* Quad.swift in Sources */ = {isa = PBXBuildFile; fileRef = 2FCACB012360BD8C00980027 /* Quad.swift */; };
		2FCACB042360BD8D00980027 /* Closure.swift in Sources */ = {isa = PBXBuildFile; fileRef = 2FCACB022360BD8C00980027 /* Closure.swift */; };
		2FCACB0E2360BED900980027 /* Point.swift in Sources */ = {isa = PBXBuildFile; fileRef = 2FCACB0D2360BED900980027 /* Point.swift */; };
		2FE5B8D42392D2690011DE09 /* CancellationToken.swift in Sources */ = {isa = PBXBuildFile; fileRef = 2FE5B8D32392D2690011DE09 /* CancellationToken.swift */; };
		2FE5B8D62392D6470011DE09 /* Observer.swift in Sources */ = {isa = PBXBuildFile; fileRef = 2FE5B8D52392D6470011DE09 /* Observer.swift */; };
/* End PBXBuildFile section */

/* Begin PBXContainerItemProxy section */
		2FCACAEA2360BAB000980027 /* PBXContainerItemProxy */ = {
			isa = PBXContainerItemProxy;
			containerPortal = 2FCACAD62360BAB000980027 /* Project object */;
			proxyType = 1;
			remoteGlobalIDString = 2FCACADE2360BAB000980027;
			remoteInfo = KWFoundation;
		};
/* End PBXContainerItemProxy section */

/* Begin PBXFileReference section */
		2F4B6CA0237DE2820005F838 /* Observed.swift */ = {isa = PBXFileReference; lastKnownFileType = sourcecode.swift; path = Observed.swift; sourceTree = "<group>"; };
		2F81BCEB2381D67300CCC605 /* ObservedTests.swift */ = {isa = PBXFileReference; lastKnownFileType = sourcecode.swift; path = ObservedTests.swift; sourceTree = "<group>"; };
		2F95F75823959A9400193518 /* Subscriber.swift */ = {isa = PBXFileReference; lastKnownFileType = sourcecode.swift; path = Subscriber.swift; sourceTree = "<group>"; };
		2F95F75D2395B66800193518 /* CancellationTokenTests.swift */ = {isa = PBXFileReference; lastKnownFileType = sourcecode.swift; path = CancellationTokenTests.swift; sourceTree = "<group>"; };
		2F95F75F239ADF1000193518 /* ObserverTests.swift */ = {isa = PBXFileReference; lastKnownFileType = sourcecode.swift; path = ObserverTests.swift; sourceTree = "<group>"; };
		2FCACADF2360BAB000980027 /* KWFoundation.framework */ = {isa = PBXFileReference; explicitFileType = wrapper.framework; includeInIndex = 0; path = KWFoundation.framework; sourceTree = BUILT_PRODUCTS_DIR; };
		2FCACAE22360BAB000980027 /* KWFoundation.h */ = {isa = PBXFileReference; lastKnownFileType = sourcecode.c.h; path = KWFoundation.h; sourceTree = "<group>"; };
		2FCACAE32360BAB000980027 /* Info.plist */ = {isa = PBXFileReference; lastKnownFileType = text.plist.xml; path = Info.plist; sourceTree = "<group>"; };
		2FCACAE82360BAB000980027 /* KWFoundationTests.xctest */ = {isa = PBXFileReference; explicitFileType = wrapper.cfbundle; includeInIndex = 0; path = KWFoundationTests.xctest; sourceTree = BUILT_PRODUCTS_DIR; };
		2FCACAEF2360BAB000980027 /* Info.plist */ = {isa = PBXFileReference; lastKnownFileType = text.plist.xml; path = Info.plist; sourceTree = "<group>"; };
		2FCACB012360BD8C00980027 /* Quad.swift */ = {isa = PBXFileReference; fileEncoding = 4; lastKnownFileType = sourcecode.swift; path = Quad.swift; sourceTree = "<group>"; };
		2FCACB022360BD8C00980027 /* Closure.swift */ = {isa = PBXFileReference; fileEncoding = 4; lastKnownFileType = sourcecode.swift; path = Closure.swift; sourceTree = "<group>"; };
		2FCACB0D2360BED900980027 /* Point.swift */ = {isa = PBXFileReference; lastKnownFileType = sourcecode.swift; path = Point.swift; sourceTree = "<group>"; };
		2FE5B8D32392D2690011DE09 /* CancellationToken.swift */ = {isa = PBXFileReference; lastKnownFileType = sourcecode.swift; path = CancellationToken.swift; sourceTree = "<group>"; };
		2FE5B8D52392D6470011DE09 /* Observer.swift */ = {isa = PBXFileReference; lastKnownFileType = sourcecode.swift; path = Observer.swift; sourceTree = "<group>"; };
/* End PBXFileReference section */

/* Begin PBXFrameworksBuildPhase section */
		2FCACADC2360BAB000980027 /* Frameworks */ = {
			isa = PBXFrameworksBuildPhase;
			buildActionMask = 2147483647;
			files = (
			);
			runOnlyForDeploymentPostprocessing = 0;
		};
		2FCACAE52360BAB000980027 /* Frameworks */ = {
			isa = PBXFrameworksBuildPhase;
			buildActionMask = 2147483647;
			files = (
				2FCACAE92360BAB000980027 /* KWFoundation.framework in Frameworks */,
			);
			runOnlyForDeploymentPostprocessing = 0;
		};
/* End PBXFrameworksBuildPhase section */

/* Begin PBXGroup section */
		2F81BCE92381D63100CCC605 /* Source */ = {
			isa = PBXGroup;
			children = (
				2F81BCED2381D69A00CCC605 /* Mocks */,
				2F81BCEA2381D64100CCC605 /* Tests */,
			);
			path = Source;
			sourceTree = "<group>";
		};
		2F81BCEA2381D64100CCC605 /* Tests */ = {
			isa = PBXGroup;
			children = (
				2F95F75D2395B66800193518 /* CancellationTokenTests.swift */,
				2F81BCEB2381D67300CCC605 /* ObservedTests.swift */,
				2F95F75F239ADF1000193518 /* ObserverTests.swift */,
			);
			path = Tests;
			sourceTree = "<group>";
		};
		2F81BCED2381D69A00CCC605 /* Mocks */ = {
			isa = PBXGroup;
			children = (
			);
			path = Mocks;
			sourceTree = "<group>";
		};
		2FCACAD52360BAB000980027 = {
			isa = PBXGroup;
			children = (
				2FCACAE12360BAB000980027 /* KWFoundation */,
				2FCACAEC2360BAB000980027 /* KWFoundationTests */,
				2FCACAE02360BAB000980027 /* Products */,
			);
			sourceTree = "<group>";
		};
		2FCACAE02360BAB000980027 /* Products */ = {
			isa = PBXGroup;
			children = (
				2FCACADF2360BAB000980027 /* KWFoundation.framework */,
				2FCACAE82360BAB000980027 /* KWFoundationTests.xctest */,
			);
			name = Products;
			sourceTree = "<group>";
		};
		2FCACAE12360BAB000980027 /* KWFoundation */ = {
			isa = PBXGroup;
			children = (
				2FCACAFA2360BAF900980027 /* Source */,
				2FCACAFB2360BB0100980027 /* Supporting Files */,
			);
			path = KWFoundation;
			sourceTree = "<group>";
		};
		2FCACAEC2360BAB000980027 /* KWFoundationTests */ = {
			isa = PBXGroup;
			children = (
				2F81BCE92381D63100CCC605 /* Source */,
				2FCACAF92360BABA00980027 /* Supporting Files */,
			);
			path = KWFoundationTests;
			sourceTree = "<group>";
		};
		2FCACAF92360BABA00980027 /* Supporting Files */ = {
			isa = PBXGroup;
			children = (
				2FCACAEF2360BAB000980027 /* Info.plist */,
			);
			path = "Supporting Files";
			sourceTree = "<group>";
		};
		2FCACAFA2360BAF900980027 /* Source */ = {
			isa = PBXGroup;
			children = (
				2FCACB062360BDD700980027 /* Common */,
				2FCACB052360BDC900980027 /* Geometry */,
				2FCACAFC2360BB6700980027 /* Main */,
				2FE5B8D22392D2430011DE09 /* Observation */,
			);
			path = Source;
			sourceTree = "<group>";
		};
		2FCACAFB2360BB0100980027 /* Supporting Files */ = {
			isa = PBXGroup;
			children = (
				2FCACAE32360BAB000980027 /* Info.plist */,
			);
			path = "Supporting Files";
			sourceTree = "<group>";
		};
		2FCACAFC2360BB6700980027 /* Main */ = {
			isa = PBXGroup;
			children = (
				2FCACAE22360BAB000980027 /* KWFoundation.h */,
			);
			path = Main;
			sourceTree = "<group>";
		};
		2FCACB052360BDC900980027 /* Geometry */ = {
			isa = PBXGroup;
			children = (
				2FCACB0D2360BED900980027 /* Point.swift */,
				2FCACB012360BD8C00980027 /* Quad.swift */,
			);
			path = Geometry;
			sourceTree = "<group>";
		};
		2FCACB062360BDD700980027 /* Common */ = {
			isa = PBXGroup;
			children = (
				2FCACB022360BD8C00980027 /* Closure.swift */,
			);
			path = Common;
			sourceTree = "<group>";
		};
		2FE5B8D22392D2430011DE09 /* Observation */ = {
			isa = PBXGroup;
			children = (
				2FE5B8D32392D2690011DE09 /* CancellationToken.swift */,
				2F4B6CA0237DE2820005F838 /* Observed.swift */,
				2FE5B8D52392D6470011DE09 /* Observer.swift */,
				2F95F75823959A9400193518 /* Subscriber.swift */,
			);
			path = Observation;
			sourceTree = "<group>";
		};
/* End PBXGroup section */

/* Begin PBXHeadersBuildPhase section */
		2FCACADA2360BAB000980027 /* Headers */ = {
			isa = PBXHeadersBuildPhase;
			buildActionMask = 2147483647;
			files = (
				2FCACAF02360BAB100980027 /* KWFoundation.h in Headers */,
			);
			runOnlyForDeploymentPostprocessing = 0;
		};
/* End PBXHeadersBuildPhase section */

/* Begin PBXNativeTarget section */
		2FCACADE2360BAB000980027 /* KWFoundation */ = {
			isa = PBXNativeTarget;
			buildConfigurationList = 2FCACAF32360BAB100980027 /* Build configuration list for PBXNativeTarget "KWFoundation" */;
			buildPhases = (
				2FCACADA2360BAB000980027 /* Headers */,
				2FCACADB2360BAB000980027 /* Sources */,
				2FCACADC2360BAB000980027 /* Frameworks */,
				2FCACADD2360BAB000980027 /* Resources */,
			);
			buildRules = (
			);
			dependencies = (
			);
			name = KWFoundation;
			productName = KWFoundation;
			productReference = 2FCACADF2360BAB000980027 /* KWFoundation.framework */;
			productType = "com.apple.product-type.framework";
		};
		2FCACAE72360BAB000980027 /* KWFoundationTests */ = {
			isa = PBXNativeTarget;
			buildConfigurationList = 2FCACAF62360BAB100980027 /* Build configuration list for PBXNativeTarget "KWFoundationTests" */;
			buildPhases = (
				2FCACAE42360BAB000980027 /* Sources */,
				2FCACAE52360BAB000980027 /* Frameworks */,
				2FCACAE62360BAB000980027 /* Resources */,
			);
			buildRules = (
			);
			dependencies = (
				2FCACAEB2360BAB000980027 /* PBXTargetDependency */,
			);
			name = KWFoundationTests;
			productName = KWFoundationTests;
			productReference = 2FCACAE82360BAB000980027 /* KWFoundationTests.xctest */;
			productType = "com.apple.product-type.bundle.unit-test";
		};
/* End PBXNativeTarget section */

/* Begin PBXProject section */
		2FCACAD62360BAB000980027 /* Project object */ = {
			isa = PBXProject;
			attributes = {
				LastSwiftUpdateCheck = 1110;
				LastUpgradeCheck = 1110;
				ORGANIZATIONNAME = "Kamil Wyszomierski";
				TargetAttributes = {
					2FCACADE2360BAB000980027 = {
						CreatedOnToolsVersion = 11.1;
					};
					2FCACAE72360BAB000980027 = {
						CreatedOnToolsVersion = 11.1;
						LastSwiftMigration = 1120;
					};
				};
			};
			buildConfigurationList = 2FCACAD92360BAB000980027 /* Build configuration list for PBXProject "KWFoundation" */;
			compatibilityVersion = "Xcode 9.3";
			developmentRegion = en;
			hasScannedForEncodings = 0;
			knownRegions = (
				en,
				Base,
			);
			mainGroup = 2FCACAD52360BAB000980027;
			productRefGroup = 2FCACAE02360BAB000980027 /* Products */;
			projectDirPath = "";
			projectRoot = "";
			targets = (
				2FCACADE2360BAB000980027 /* KWFoundation */,
				2FCACAE72360BAB000980027 /* KWFoundationTests */,
			);
		};
/* End PBXProject section */

/* Begin PBXResourcesBuildPhase section */
		2FCACADD2360BAB000980027 /* Resources */ = {
			isa = PBXResourcesBuildPhase;
			buildActionMask = 2147483647;
			files = (
			);
			runOnlyForDeploymentPostprocessing = 0;
		};
		2FCACAE62360BAB000980027 /* Resources */ = {
			isa = PBXResourcesBuildPhase;
			buildActionMask = 2147483647;
			files = (
			);
			runOnlyForDeploymentPostprocessing = 0;
		};
/* End PBXResourcesBuildPhase section */

/* Begin PBXSourcesBuildPhase section */
		2FCACADB2360BAB000980027 /* Sources */ = {
			isa = PBXSourcesBuildPhase;
			buildActionMask = 2147483647;
			files = (
				2FCACB032360BD8D00980027 /* Quad.swift in Sources */,
				2FE5B8D62392D6470011DE09 /* Observer.swift in Sources */,
				2FCACB042360BD8D00980027 /* Closure.swift in Sources */,
				2FCACB0E2360BED900980027 /* Point.swift in Sources */,
				2FE5B8D42392D2690011DE09 /* CancellationToken.swift in Sources */,
				2F4B6CA1237DE2820005F838 /* Observed.swift in Sources */,
				2F95F75923959A9400193518 /* Subscriber.swift in Sources */,
			);
			runOnlyForDeploymentPostprocessing = 0;
		};
		2FCACAE42360BAB000980027 /* Sources */ = {
			isa = PBXSourcesBuildPhase;
			buildActionMask = 2147483647;
			files = (
				2F95F75E2395B66800193518 /* CancellationTokenTests.swift in Sources */,
				2F81BCEC2381D67300CCC605 /* ObservedTests.swift in Sources */,
				2F95F760239ADF1000193518 /* ObserverTests.swift in Sources */,
			);
			runOnlyForDeploymentPostprocessing = 0;
		};
/* End PBXSourcesBuildPhase section */

/* Begin PBXTargetDependency section */
		2FCACAEB2360BAB000980027 /* PBXTargetDependency */ = {
			isa = PBXTargetDependency;
			target = 2FCACADE2360BAB000980027 /* KWFoundation */;
			targetProxy = 2FCACAEA2360BAB000980027 /* PBXContainerItemProxy */;
		};
/* End PBXTargetDependency section */

/* Begin XCBuildConfiguration section */
		2FCACAF12360BAB100980027 /* Debug */ = {
			isa = XCBuildConfiguration;
			buildSettings = {
				ALWAYS_SEARCH_USER_PATHS = NO;
				APPLICATION_EXTENSION_API_ONLY = YES;
				CLANG_ANALYZER_NONNULL = YES;
				CLANG_ANALYZER_NUMBER_OBJECT_CONVERSION = YES_AGGRESSIVE;
				CLANG_CXX_LANGUAGE_STANDARD = "gnu++14";
				CLANG_CXX_LIBRARY = "libc++";
				CLANG_ENABLE_MODULES = YES;
				CLANG_ENABLE_OBJC_ARC = YES;
				CLANG_ENABLE_OBJC_WEAK = YES;
				CLANG_WARN_BLOCK_CAPTURE_AUTORELEASING = YES;
				CLANG_WARN_BOOL_CONVERSION = YES;
				CLANG_WARN_COMMA = YES;
				CLANG_WARN_CONSTANT_CONVERSION = YES;
				CLANG_WARN_DEPRECATED_OBJC_IMPLEMENTATIONS = YES;
				CLANG_WARN_DIRECT_OBJC_ISA_USAGE = YES_ERROR;
				CLANG_WARN_DOCUMENTATION_COMMENTS = YES;
				CLANG_WARN_EMPTY_BODY = YES;
				CLANG_WARN_ENUM_CONVERSION = YES;
				CLANG_WARN_INFINITE_RECURSION = YES;
				CLANG_WARN_INT_CONVERSION = YES;
				CLANG_WARN_NON_LITERAL_NULL_CONVERSION = YES;
				CLANG_WARN_OBJC_IMPLICIT_RETAIN_SELF = YES;
				CLANG_WARN_OBJC_LITERAL_CONVERSION = YES;
				CLANG_WARN_OBJC_ROOT_CLASS = YES_ERROR;
				CLANG_WARN_RANGE_LOOP_ANALYSIS = YES;
				CLANG_WARN_STRICT_PROTOTYPES = YES;
				CLANG_WARN_SUSPICIOUS_MOVE = YES;
				CLANG_WARN_UNGUARDED_AVAILABILITY = YES_AGGRESSIVE;
				CLANG_WARN_UNREACHABLE_CODE = YES;
				CLANG_WARN__DUPLICATE_METHOD_MATCH = YES;
				COPY_PHASE_STRIP = NO;
				CURRENT_PROJECT_VERSION = 1;
				DEBUG_INFORMATION_FORMAT = dwarf;
				ENABLE_STRICT_OBJC_MSGSEND = YES;
				ENABLE_TESTABILITY = YES;
				GCC_C_LANGUAGE_STANDARD = gnu11;
				GCC_DYNAMIC_NO_PIC = NO;
				GCC_NO_COMMON_BLOCKS = YES;
				GCC_OPTIMIZATION_LEVEL = 0;
				GCC_PREPROCESSOR_DEFINITIONS = (
					"DEBUG=1",
					"$(inherited)",
				);
				GCC_WARN_64_TO_32_BIT_CONVERSION = YES;
				GCC_WARN_ABOUT_RETURN_TYPE = YES_ERROR;
				GCC_WARN_UNDECLARED_SELECTOR = YES;
				GCC_WARN_UNINITIALIZED_AUTOS = YES_AGGRESSIVE;
				GCC_WARN_UNUSED_FUNCTION = YES;
				GCC_WARN_UNUSED_VARIABLE = YES;
				IPHONEOS_DEPLOYMENT_TARGET = 13.1;
				MTL_ENABLE_DEBUG_INFO = INCLUDE_SOURCE;
				MTL_FAST_MATH = YES;
				ONLY_ACTIVE_ARCH = YES;
				SDKROOT = iphoneos;
				SWIFT_ACTIVE_COMPILATION_CONDITIONS = DEBUG;
				SWIFT_OPTIMIZATION_LEVEL = "-Onone";
				TARGETED_DEVICE_FAMILY = "1,2";
				VERSIONING_SYSTEM = "apple-generic";
				VERSION_INFO_PREFIX = "";
			};
			name = Debug;
		};
		2FCACAF22360BAB100980027 /* Release */ = {
			isa = XCBuildConfiguration;
			buildSettings = {
				ALWAYS_SEARCH_USER_PATHS = NO;
				APPLICATION_EXTENSION_API_ONLY = YES;
				CLANG_ANALYZER_NONNULL = YES;
				CLANG_ANALYZER_NUMBER_OBJECT_CONVERSION = YES_AGGRESSIVE;
				CLANG_CXX_LANGUAGE_STANDARD = "gnu++14";
				CLANG_CXX_LIBRARY = "libc++";
				CLANG_ENABLE_MODULES = YES;
				CLANG_ENABLE_OBJC_ARC = YES;
				CLANG_ENABLE_OBJC_WEAK = YES;
				CLANG_WARN_BLOCK_CAPTURE_AUTORELEASING = YES;
				CLANG_WARN_BOOL_CONVERSION = YES;
				CLANG_WARN_COMMA = YES;
				CLANG_WARN_CONSTANT_CONVERSION = YES;
				CLANG_WARN_DEPRECATED_OBJC_IMPLEMENTATIONS = YES;
				CLANG_WARN_DIRECT_OBJC_ISA_USAGE = YES_ERROR;
				CLANG_WARN_DOCUMENTATION_COMMENTS = YES;
				CLANG_WARN_EMPTY_BODY = YES;
				CLANG_WARN_ENUM_CONVERSION = YES;
				CLANG_WARN_INFINITE_RECURSION = YES;
				CLANG_WARN_INT_CONVERSION = YES;
				CLANG_WARN_NON_LITERAL_NULL_CONVERSION = YES;
				CLANG_WARN_OBJC_IMPLICIT_RETAIN_SELF = YES;
				CLANG_WARN_OBJC_LITERAL_CONVERSION = YES;
				CLANG_WARN_OBJC_ROOT_CLASS = YES_ERROR;
				CLANG_WARN_RANGE_LOOP_ANALYSIS = YES;
				CLANG_WARN_STRICT_PROTOTYPES = YES;
				CLANG_WARN_SUSPICIOUS_MOVE = YES;
				CLANG_WARN_UNGUARDED_AVAILABILITY = YES_AGGRESSIVE;
				CLANG_WARN_UNREACHABLE_CODE = YES;
				CLANG_WARN__DUPLICATE_METHOD_MATCH = YES;
				COPY_PHASE_STRIP = NO;
				CURRENT_PROJECT_VERSION = 1;
				DEBUG_INFORMATION_FORMAT = "dwarf-with-dsym";
				ENABLE_NS_ASSERTIONS = NO;
				ENABLE_STRICT_OBJC_MSGSEND = YES;
				GCC_C_LANGUAGE_STANDARD = gnu11;
				GCC_NO_COMMON_BLOCKS = YES;
				GCC_WARN_64_TO_32_BIT_CONVERSION = YES;
				GCC_WARN_ABOUT_RETURN_TYPE = YES_ERROR;
				GCC_WARN_UNDECLARED_SELECTOR = YES;
				GCC_WARN_UNINITIALIZED_AUTOS = YES_AGGRESSIVE;
				GCC_WARN_UNUSED_FUNCTION = YES;
				GCC_WARN_UNUSED_VARIABLE = YES;
				IPHONEOS_DEPLOYMENT_TARGET = 13.1;
				MTL_ENABLE_DEBUG_INFO = NO;
				MTL_FAST_MATH = YES;
				SDKROOT = iphoneos;
				SWIFT_COMPILATION_MODE = wholemodule;
				SWIFT_OPTIMIZATION_LEVEL = "-O";
				TARGETED_DEVICE_FAMILY = "1,2";
				VALIDATE_PRODUCT = YES;
				VERSIONING_SYSTEM = "apple-generic";
				VERSION_INFO_PREFIX = "";
			};
			name = Release;
		};
		2FCACAF42360BAB100980027 /* Debug */ = {
			isa = XCBuildConfiguration;
			buildSettings = {
				CODE_SIGN_STYLE = Automatic;
				DEFINES_MODULE = YES;
				DEVELOPMENT_TEAM = W3A96C9WSG;
				DYLIB_COMPATIBILITY_VERSION = 1;
				DYLIB_CURRENT_VERSION = 1;
				DYLIB_INSTALL_NAME_BASE = "@rpath";
				INFOPLIST_FILE = "KWFoundation/Supporting Files/Info.plist";
				INSTALL_PATH = "$(LOCAL_LIBRARY_DIR)/Frameworks";
				LD_RUNPATH_SEARCH_PATHS = (
					"$(inherited)",
					"@executable_path/Frameworks",
					"@loader_path/Frameworks",
				);
				PRODUCT_BUNDLE_IDENTIFIER = pl.kamil.wyszomierski.KWFoundation;
				PRODUCT_NAME = "$(TARGET_NAME:c99extidentifier)";
				SKIP_INSTALL = YES;
				SWIFT_VERSION = 5.0;
				TARGETED_DEVICE_FAMILY = "1,2";
			};
			name = Debug;
		};
		2FCACAF52360BAB100980027 /* Release */ = {
			isa = XCBuildConfiguration;
			buildSettings = {
				CODE_SIGN_STYLE = Automatic;
				DEFINES_MODULE = YES;
				DEVELOPMENT_TEAM = W3A96C9WSG;
				DYLIB_COMPATIBILITY_VERSION = 1;
				DYLIB_CURRENT_VERSION = 1;
				DYLIB_INSTALL_NAME_BASE = "@rpath";
				INFOPLIST_FILE = "KWFoundation/Supporting Files/Info.plist";
				INSTALL_PATH = "$(LOCAL_LIBRARY_DIR)/Frameworks";
				LD_RUNPATH_SEARCH_PATHS = (
					"$(inherited)",
					"@executable_path/Frameworks",
					"@loader_path/Frameworks",
				);
				PRODUCT_BUNDLE_IDENTIFIER = pl.kamil.wyszomierski.KWFoundation;
				PRODUCT_NAME = "$(TARGET_NAME:c99extidentifier)";
				SKIP_INSTALL = YES;
				SWIFT_VERSION = 5.0;
				TARGETED_DEVICE_FAMILY = "1,2";
			};
			name = Release;
		};
		2FCACAF72360BAB100980027 /* Debug */ = {
			isa = XCBuildConfiguration;
			buildSettings = {
				ALWAYS_EMBED_SWIFT_STANDARD_LIBRARIES = YES;
				CLANG_ENABLE_MODULES = YES;
				CODE_SIGN_STYLE = Automatic;
				DEVELOPMENT_TEAM = W3A96C9WSG;
				INFOPLIST_FILE = "KWFoundationTests/Supporting Files/Info.plist";
				LD_RUNPATH_SEARCH_PATHS = (
					"$(inherited)",
					"@executable_path/Frameworks",
					"@loader_path/Frameworks",
				);
				PRODUCT_BUNDLE_IDENTIFIER = pl.kamil.wyszomierski.KWFoundationTests;
				PRODUCT_NAME = "$(TARGET_NAME)";
				SWIFT_OPTIMIZATION_LEVEL = "-Onone";
				SWIFT_VERSION = 5.0;
				TARGETED_DEVICE_FAMILY = "1,2";
			};
			name = Debug;
		};
		2FCACAF82360BAB100980027 /* Release */ = {
			isa = XCBuildConfiguration;
			buildSettings = {
				ALWAYS_EMBED_SWIFT_STANDARD_LIBRARIES = YES;
				CLANG_ENABLE_MODULES = YES;
				CODE_SIGN_STYLE = Automatic;
				DEVELOPMENT_TEAM = W3A96C9WSG;
				INFOPLIST_FILE = "KWFoundationTests/Supporting Files/Info.plist";
				LD_RUNPATH_SEARCH_PATHS = (
					"$(inherited)",
					"@executable_path/Frameworks",
					"@loader_path/Frameworks",
				);
				PRODUCT_BUNDLE_IDENTIFIER = pl.kamil.wyszomierski.KWFoundationTests;
				PRODUCT_NAME = "$(TARGET_NAME)";
				SWIFT_VERSION = 5.0;
				TARGETED_DEVICE_FAMILY = "1,2";
			};
			name = Release;
		};
/* End XCBuildConfiguration section */

/* Begin XCConfigurationList section */
		2FCACAD92360BAB000980027 /* Build configuration list for PBXProject "KWFoundation" */ = {
			isa = XCConfigurationList;
			buildConfigurations = (
				2FCACAF12360BAB100980027 /* Debug */,
				2FCACAF22360BAB100980027 /* Release */,
			);
			defaultConfigurationIsVisible = 0;
			defaultConfigurationName = Release;
		};
		2FCACAF32360BAB100980027 /* Build configuration list for PBXNativeTarget "KWFoundation" */ = {
			isa = XCConfigurationList;
			buildConfigurations = (
				2FCACAF42360BAB100980027 /* Debug */,
				2FCACAF52360BAB100980027 /* Release */,
			);
			defaultConfigurationIsVisible = 0;
			defaultConfigurationName = Release;
		};
		2FCACAF62360BAB100980027 /* Build configuration list for PBXNativeTarget "KWFoundationTests" */ = {
			isa = XCConfigurationList;
			buildConfigurations = (
				2FCACAF72360BAB100980027 /* Debug */,
				2FCACAF82360BAB100980027 /* Release */,
			);
			defaultConfigurationIsVisible = 0;
			defaultConfigurationName = Release;
		};
/* End XCConfigurationList section */
	};
	rootObject = 2FCACAD62360BAB000980027 /* Project object */;
}
